
Microsoft Visual Studio Solution File, Format Version 12.00
# Visual Studio Version 17
VisualStudioVersion = 17.5.002.0
MinimumVisualStudioVersion = 10.0.40219.1
Project("{2150E333-8FDC-42A3-9474-1A3956D46DE8}") = "services", "services", "{B417127D-DE95-4151-948B-1F79C6003753}"
EndProject
Project("{2150E333-8FDC-42A3-9474-1A3956D46DE8}") = "io", "io", "{67D89246-CD57-4283-B49D-87859D6E202D}"
EndProject
Project("{9A19103F-16F7-4668-BE54-9A1E7A4F7556}") = "DotNet.Docker", "services\io\App\DotNet.Docker.csproj", "{83B2FF32-0932-4018-940A-FE5AB9E3A5B2}"
EndProject
Global
	GlobalSection(SolutionConfigurationPlatforms) = preSolution
		Debug|Any CPU = Debug|Any CPU
		Release|Any CPU = Release|Any CPU
	EndGlobalSection
	GlobalSection(ProjectConfigurationPlatforms) = postSolution
		{83B2FF32-0932-4018-940A-FE5AB9E3A5B2}.Debug|Any CPU.ActiveCfg = Debug|Any CPU
		{83B2FF32-0932-4018-940A-FE5AB9E3A5B2}.Debug|Any CPU.Build.0 = Debug|Any CPU
		{83B2FF32-0932-4018-940A-FE5AB9E3A5B2}.Release|Any CPU.ActiveCfg = Release|Any CPU
		{83B2FF32-0932-4018-940A-FE5AB9E3A5B2}.Release|Any CPU.Build.0 = Release|Any CPU
	EndGlobalSection
	GlobalSection(SolutionProperties) = preSolution
		HideSolutionNode = FALSE
	EndGlobalSection
	GlobalSection(NestedProjects) = preSolution
		{67D89246-CD57-4283-B49D-87859D6E202D} = {B417127D-DE95-4151-948B-1F79C6003753}
		{83B2FF32-0932-4018-940A-FE5AB9E3A5B2} = {67D89246-CD57-4283-B49D-87859D6E202D}
	EndGlobalSection
	GlobalSection(ExtensibilityGlobals) = postSolution
		SolutionGuid = {0FC79CEA-8EC1-41D8-9212-90D8A47113A7}
	EndGlobalSection
EndGlobal
